github.com/ScaleFT/sshkeys v0.0.0-20200327173127-6142f742bca5 h1:VauE2GcJNZFun2Och6tIT2zJZK1v6jxALQDA9BIji/E=
github.com/ScaleFT/sshkeys v0.0.0-20200327173127-6142f742bca5/go.mod h1:gxOHeajFfvGQh/fxlC8oOKBe23xnnJTif00IFFbiT+o=
github.com/davecgh/go-spew v1.1.0/go.mod h1:J7Y8YcW2NihsgmVo/mv3lAwl/skON4iLHjSsI+c5H38=
github.com/dchest/bcrypt_pbkdf v0.0.0-20150205184540-83f37f9c154a h1:saTgr5tMLFnmy/yg3qDTft4rE5DY2uJ/cCxCe3q0XTU=
github.com/dchest/bcrypt_pbkdf v0.0.0-20150205184540-83f37f9c154a/go.mod h1:Bw9BbhOJVNR+t0jCqx2GC6zv0TGBsShs56Y3gfSCvl0=
github.com/docopt/docopt-go v0.0.0-20180111231733-ee0de3bc6815 h1:bWDMxwH3px2JBh6AyO7hdCn/PkvCZXii8TGj7sbtEbQ=
github.com/docopt/docopt-go v0.0.0-20180111231733-ee0de3bc6815/go.mod h1:WwZ+bS3ebgob9U8Nd0kOddGdZWjyMGR8Wziv+TBNwSE=
github.com/kovetskiy/lorg v0.0.0-20200107130803-9a7136a95634 h1:szpgh20EtHoQhJ38jrp7S2nlrhf56GSwa4de0hMfc2U=
github.com/kovetskiy/lorg v0.0.0-20200107130803-9a7136a95634/go.mod h1:B8HeKAukXULNzWWsW5k/SQyDkiQZPn7lTBJDB46MZ9I=
github.com/mattn/go-shellwords v1.0.10 h1:Y7Xqm8piKOO3v10Thp7Z36h4FYFjt5xB//6XvOrs2Gw=
github.com/mattn/go-shellwords v1.0.10/go.mod h1:EZzvwXDESEeg03EKmM+RmDnNOPKG4lLtQsUlTZDWQ8Y=
github.com/mattn/go-shellwords v1.0.12 h1:M2zGm7EW6UQJvDeQxo4T51eKPurbeFbe8WtebGE2xrk=
github.com/mattn/go-shellwords v1.0.12/go.mod h1:EZzvwXDESEeg03EKmM+RmDnNOPKG4lLtQsUlTZDWQ8Y=
github.com/pmezard/go-difflib v1.0.0/go.mod h1:iKH77koFhYxTK1pcRnkKkqfTogsbg7gZNVY4sRDYZ/4=
github.com/reconquest/barely v0.0.0-20160729074550-0f12e3bb2e13 h1:fbi5I8r+zY59gTNeQKa7VRhahRZJzlOoJPose/YF1iE=
github.com/reconquest/barely v0.0.0-20160729074550-0f12e3bb2e13/go.mod h1:0OI7w9PA9NdCKxn322hAYmve50yt7/WfoJG26CZcZxA=
github.com/reconquest/colorgful v0.0.0-20190805091748-28d18b838c4a h1:LGyNu9LpBpJ+puxKBLuB8L+YTBgW8xLmiBqbTKuniec=
github.com/reconquest/colorgful v0.0.0-20190805091748-28d18b838c4a/go.mod h1:S7SVqgAB8m04PAsywFMzl2UfDPGfBGRqpk3wWZG2y70=
github.com/reconquest/colorgful v0.0.0-20200729095644-21be6c602814 h1:QmEUwo4P99jYWL6wslpuffIPWEl2noJmI6fytYU67fU=
github.com/reconquest/colorgful v0.0.0-20200729095644-21be6c602814/go.mod h1:qSUek54fgfW5bM2SMjrZ6QD3Cz6DqrfwL0wXCH2IiE4=
github.com/reconquest/hierr-go v0.0.0-20170824213838-7d09c0176fd2 h1:v3ctQXyIHprCI7s42LGmMYbulnnpjeD4zcvq78D1ung=
github.com/reconquest/hierr-go v0.0.0-20170824213838-7d09c0176fd2/go.mod h1:dF8sYs86hXr+kKjDVvxDZYMUsTm5yr0PFQqLer/xsrk=
github.com/reconquest/karma-go v0.0.0-20200326104714-79480464fdb5 h1:zDWjDur+l8W6pKksuc1VdKcdYrfHrTO9jRN131XoG1g=
github.com/reconquest/karma-go v0.0.0-20200326104714-79480464fdb5/go.mod h1:oTXKs9J7KQ1gCpnvSwCbH9vlvELZFfUSbEbrr2ABeo0=
github.com/reconquest/karma-go v0.0.0-20200928103525-22da92476de6 h1:R2eR77EaZCxUQnVZcMbMOmxPMxRqkiYtF5jMjKOrvrE=
github.com/reconquest/karma-go v0.0.0-20200928103525-22da92476de6/go.mod h1:yuQiKpTdmXSX7E+h+3dD4jx09P/gHc67mRxN3eFLt7o=
github.com/reconquest/lineflushwriter-go v0.0.0-20200617113125-f7349730c72d h1:fQnunwvkgVfr6IOe06+SRnQ9v83nc98+izA83DZKvRQ=
github.com/reconquest/lineflushwriter-go v0.0.0-20200617113125-f7349730c72d/go.mod h1:tpO+vNC9ppBvJErZXrQpfwiVDuza5k1nRWH7SrutKtY=
github.com/reconquest/lineflushwriter-go v0.0.0-20200921103343-b9b8d10a6851 h1:o2J6abTvFylmmepI2GgNSeZZlUUz4xz3UStWIY6EXLk=
github.com/reconquest/lineflushwriter-go v0.0.0-20200921103343-b9b8d10a6851/go.mod h1:tpO+vNC9ppBvJErZXrQpfwiVDuza5k1nRWH7SrutKtY=
github.com/reconquest/loreley v0.0.0-20200601121626-621c1cd37fd1 h1:J1vuEtEaaHo01+gxE6jIMtTwLrYzsraHmnqbNvha2Jw=
github.com/reconquest/loreley v0.0.0-20200601121626-621c1cd37fd1/go.mod h1:1NF/j951kWm+ZnRXpOkBqweImgwhlzFVwTA4A0V7TEU=
github.com/reconquest/nopio-go v0.0.0-20161213101805-20796acb207f h1:IA86P8l4xRMNbd021H3fGgdIT/B5D/bvdT0xsMqOC/c=
github.com/reconquest/nopio-go v0.0.0-20161213101805-20796acb207f/go.mod h1:xyNcU6XK6bQpR3pVBIHFPi4Xh6NV/FBKnWkYV8lwv1k=
github.com/reconquest/prefixwriter-go v0.0.0-20160818100856-f514fb348765 h1:k58eBNxHzc6O0vhzllmdzy5BlirJZThGcpDgFHubuO4=
github.com/reconquest/prefixwriter-go v0.0.0-20160818100856-f514fb348765/go.mod h1:z9LtGhtea7VfKy2zUC3OeLOZMeLJFY7IrhBex4C7q8Q=
github.com/reconquest/runcmd v0.0.0-20200630085320-e45566d1097c h1:ICrbMscfYDWV3KCUUnve003/SPN9KSkkiAVdBcbm99g=
github.com/reconquest/runcmd v0.0.0-20200630085320-e45566d1097c/go.mod h1:cDotr+ledDbGqeesjh8MQc6IgpB3Ns4oOwojQctred0=
github.com/reconquest/runcmd v0.0.0-20210624093503-38dc6a8c98bd h1:Smgn0s4JKslWhFSzODN7jqNCNYbr+OPqF5tuqFCsReY=
github.com/reconquest/runcmd v0.0.0-20210624093503-38dc6a8c98bd/go.mod h1:Za2j8JxxWX/f/NIdRd5wPhxQVGLnZUH4xcaAPUxXJz4=
github.com/stretchr/objx v0.1.0/go.mod h1:HFkY916IF+rwdDfMAkV7OtwuqBVzrE8GR6GFx+wExME=
github.com/stretchr/testify v1.5.1/go.mod h1:5W2xD1RspED5o8YsWQXVCued0rvSQ+mT+I5cxcmMvtA=
github.com/stretchr/testify v1.7.0/go.mod h1:6Fq8oRcR53rry900zMqJjRRixrwX3KX962/h/Wwjteg=
github.com/youmark/pkcs8 v0.0.0-20200520070018-fad002e585ce h1:F5MEHq8k6JiE10MNYaQjbKRdF1xWkOavn9aoSrHqGno=
github.com/youmark/pkcs8 v0.0.0-20200520070018-fad002e585ce/go.mod h1:ul22v+Nro/R083muKhosV54bj5niojjWZvU8xrevuH4=
github.com/youmark/pkcs8 v0.0.0-20201027041543-1326539a0a0a h1:fZHgsYlfvtyqToslyjUt3VOPF4J7aK/3MPcK7xp3PDk=
github.com/youmark/pkcs8 v0.0.0-20201027041543-1326539a0a0a/go.mod h1:ul22v+Nro/R083muKhosV54bj5niojjWZvU8xrevuH4=
github.com/zazab/zhash v0.0.0-20170403032415-ad45b89afe7a h1:8gf6DUwu6F8Fh3rN8Ei9TM66KkWrNC04FP3HlcbxPuQ=
github.com/zazab/zhash v0.0.0-20170403032415-ad45b89afe7a/go.mod h1:P+yVThXQrjx7yGmgsdI4WQ/XDDmcyBMZzK1b39TXteA=
golang.org/x/crypto v0.0.0-20190308221718-c2843e01d9a2/go.mod h1:djNgcEr1/C05ACkg1iLfiJU5Ep61QUkGW8qpdssI0+w=
golang.org/x/crypto v0.0.0-20200302210943-78000ba7a073/go.mod h1:LzIPMQfyMNhhGPhUkYOs5KpL4U8rLKemX1yGLhDgUto=
golang.org/x/crypto v0.0.0-20200323165209-0ec3e9974c59/go.mod h1:LzIPMQfyMNhhGPhUkYOs5KpL4U8rLKemX1yGLhDgUto=
golang.org/x/crypto v0.0.0-20200622213623-75b288015ac9 h1:psW17arqaxU48Z5kZ0CQnkZWQJsqcURM6tKiBApRjXI=
golang.org/x/crypto v0.0.0-20200622213623-75b288015ac9/go.mod h1:LzIPMQfyMNhhGPhUkYOs5KpL4U8rLKemX1yGLhDgUto=
golang.org/x/crypto v0.0.0-20200728195943-123391ffb6de/go.mod h1:LzIPMQfyMNhhGPhUkYOs5KpL4U8rLKemX1yGLhDgUto=
golang.org/x/crypto v0.0.0-20210616213533-5ff15b29337e h1:gsTQYXdTw2Gq7RBsWvlQ91b+aEQ6bXFUngBGuR8sPpI=
golang.org/x/crypto v0.0.0-20210616213533-5ff15b29337e/go.mod h1:GvvjBRRGRdwPK5ydBHafDWAxML/pGHZbMvKqRZ5+Abc=
golang.org/x/net v0.0.0-20190404232315-eb5bcb51f2a3/go.mod h1:t9HGtf8HONx5eT2rtn7q6eTqICYqUVnKs3thJo3Qplg=
golang.org/x/net v0.0.0-20210226172049-e18ecbb05110/go.mod h1:m0MpNAwzfU5UDzcl9v0D8zg8gWTRqZa9RBIspLL5mdg=
golang.org/x/sys v0.0.0-20190215142949-d0b11bdaac8a/go.mod h1:STP8DvDyc/dI5b8T5hshtkjS+E42TnysNCUPdjciGhY=
golang.org/x/sys v0.0.0-20190412213103-97732733099d/go.mod h1:h1NjWce9XRLGQEsW7wpKNCjG9DtNlClVuFLEZdDNbEs=
golang.org/x/sys v0.0.0-20200219091948-cb0a6d8edb6c h1:jceGD5YNJGgGMkJz79agzOln1K9TaZUjv5ird16qniQ=
golang.org/x/sys v0.0.0-20200219091948-cb0a6d8edb6c/go.mod h1:h1NjWce9XRLGQEsW7wpKNCjG9DtNlClVuFLEZdDNbEs=
golang.org/x/sys v0.0.0-20201119102817-f84b799fce68/go.mod h1:h1NjWce9XRLGQEsW7wpKNCjG9DtNlClVuFLEZdDNbEs=
golang.org/x/sys v0.0.0-20210615035016-665e8c7367d1/go.mod h1:oPkhp1MJrh7nUepCBck5+mAzfO9JrbApNNgaTdGDITg=
golang.org/x/sys v0.0.0-20210616094352-59db8d763f22 h1:RqytpXGR1iVNX7psjB3ff8y7sNFinVFvkx1c8SjBkio=
golang.org/x/sys v0.0.0-20210616094352-59db8d763f22/go.mod h1:oPkhp1MJrh7nUepCBck5+mAzfO9JrbApNNgaTdGDITg=
golang.org/x/term v0.0.0-20201126162022-7de9c90e9dd1 h1:v+OssWQX+hTHEmOBgwxdZxK4zHq3yOs8F9J7mk0PY8E=
golang.org/x/term v0.0.0-20201126162022-7de9c90e9dd1/go.mod h1:bj7SfCRtBDWHUb9snDiAeCFNEtKQo2Wmx5Cou7ajbmo=
golang.org/x/term v0.0.0-20210615171337-6886f2dfbf5b h1:9zKuko04nR4gjZ4+DNjHqRlAJqbJETHwiNKDqTfOjfE=
golang.org/x/term v0.0.0-20210615171337-6886f2dfbf5b/go.mod h1:jbD1KX2456YbFQfuXm/mYQcufACuNUgVhRMnK/tPxf8=
golang.org/x/text v0.3.0/go.mod h1:NqM8EUOU14njkJ3fqMW+pc6Ldnwhi/IjpwHt7yyuwOQ=
golang.org/x/text v0.3.3/go.mod h1:5Zoc/QRtKVWzQhOtBMvqHzDpF6irO9z98xDceosuGiQ=
golang.org/x/tools v0.0.0-20180917221912-90fa682c2a6e/go.mod h1:n7NCudcB/nEzxVGmLbDWY5pfWTLqBcC2KZ6jyYvM4mQ=
gopkg.in/check.v1 v0.0.0-20161208181325-20d25e280405/go.mod h1:Co6ibVJAznAaIkqp8huTwlJQCZ016jof/cbN4VW5Yz0=
gopkg.in/yaml.v2 v2.2.2/go.mod h1:hI93XBmqTisBFMUTm0b8Fm+jr3Dg1NNxqwp+5A1VGuI=
gopkg.in/yaml.v3 v3.0.0-20200313102051-9f266ea9e77c/go.mod h1:K4uyk7z7BCEPqu6E+C64Yfv1cQ7kz7rIZviUmN+EgEM=
